
Microsoft Visual Studio Solution File, Format Version 12.00
# Visual Studio Version 17
VisualStudioVersion = 17.9.34902.65
MinimumVisualStudioVersion = 10.0.40219.1
Project("{FAE04EC0-301F-11D3-BF4B-00C04F79EFBC}") = "pr29_Yar", "pr29_Yar\pr29_Yar.csproj", "{615F4521-391C-4861-8A48-B864B83B64BC}"
EndProject
Global
	GlobalSection(SolutionConfigurationPlatforms) = preSolution
		Debug|Any CPU = Debug|Any CPU
		Release|Any CPU = Release|Any CPU
	EndGlobalSection
	GlobalSection(ProjectConfigurationPlatforms) = postSolution
		{615F4521-391C-4861-8A48-B864B83B64BC}.Debug|Any CPU.ActiveCfg = Debug|Any CPU
		{615F4521-391C-4861-8A48-B864B83B64BC}.Debug|Any CPU.Build.0 = Debug|Any CPU
		{615F4521-391C-4861-8A48-B864B83B64BC}.Release|Any CPU.ActiveCfg = Release|Any CPU
		{615F4521-391C-4861-8A48-B864B83B64BC}.Release|Any CPU.Build.0 = Release|Any CPU
	EndGlobalSection
	GlobalSection(SolutionProperties) = preSolution
		HideSolutionNode = FALSE
	EndGlobalSection
	GlobalSection(ExtensibilityGlobals) = postSolution
		SolutionGuid = {B250D5C6-2F67-4CFE-971F-0C6DC59C8D44}
	EndGlobalSection
EndGlobal
